
Microsoft Visual Studio Solution File, Format Version 12.00
# Visual Studio Version 17
VisualStudioVersion = 17.0.31903.59
MinimumVisualStudioVersion = 10.0.40219.1
Project("{2150E333-8FDC-42A3-9474-1A3956D46DE8}") = "UI", "UI", "{FA674B5A-3394-926C-2B1E-70E5B00E4A5C}"
EndProject
Project("{FAE04EC0-301F-11D3-BF4B-00C04F79EFBC}") = "dsa-battle-tracker", "UI\dsa-battle-tracker.csproj", "{2E7CBE76-71F8-4054-A951-A8DB99232464}"
EndProject
Project("{FAE04EC0-301F-11D3-BF4B-00C04F79EFBC}") = "Test", "Test\Test.csproj", "{1EF17FB7-7DCD-4578-B8F3-325F3308AD78}"
EndProject
Global
	GlobalSection(SolutionConfigurationPlatforms) = preSolution
		Debug|Any CPU = Debug|Any CPU
		Debug|x64 = Debug|x64
		Debug|x86 = Debug|x86
		Release|Any CPU = Release|Any CPU
		Release|x64 = Release|x64
		Release|x86 = Release|x86
	EndGlobalSection
	GlobalSection(ProjectConfigurationPlatforms) = postSolution
		{2E7CBE76-71F8-4054-A951-A8DB99232464}.Debug|Any CPU.ActiveCfg = Debug|Any CPU
		{2E7CBE76-71F8-4054-A951-A8DB99232464}.Debug|Any CPU.Build.0 = Debug|Any CPU
		{2E7CBE76-71F8-4054-A951-A8DB99232464}.Debug|x64.ActiveCfg = Debug|Any CPU
		{2E7CBE76-71F8-4054-A951-A8DB99232464}.Debug|x64.Build.0 = Debug|Any CPU
		{2E7CBE76-71F8-4054-A951-A8DB99232464}.Debug|x86.ActiveCfg = Debug|Any CPU
		{2E7CBE76-71F8-4054-A951-A8DB99232464}.Debug|x86.Build.0 = Debug|Any CPU
		{2E7CBE76-71F8-4054-A951-A8DB99232464}.Release|Any CPU.ActiveCfg = Release|Any CPU
		{2E7CBE76-71F8-4054-A951-A8DB99232464}.Release|Any CPU.Build.0 = Release|Any CPU
		{2E7CBE76-71F8-4054-A951-A8DB99232464}.Release|x64.ActiveCfg = Release|Any CPU
		{2E7CBE76-71F8-4054-A951-A8DB99232464}.Release|x64.Build.0 = Release|Any CPU
		{2E7CBE76-71F8-4054-A951-A8DB99232464}.Release|x86.ActiveCfg = Release|Any CPU
		{2E7CBE76-71F8-4054-A951-A8DB99232464}.Release|x86.Build.0 = Release|Any CPU
		{1EF17FB7-7DCD-4578-B8F3-325F3308AD78}.Debug|Any CPU.ActiveCfg = Debug|Any CPU
		{1EF17FB7-7DCD-4578-B8F3-325F3308AD78}.Debug|Any CPU.Build.0 = Debug|Any CPU
		{1EF17FB7-7DCD-4578-B8F3-325F3308AD78}.Debug|x64.ActiveCfg = Debug|Any CPU
		{1EF17FB7-7DCD-4578-B8F3-325F3308AD78}.Debug|x64.Build.0 = Debug|Any CPU
		{1EF17FB7-7DCD-4578-B8F3-325F3308AD78}.Debug|x86.ActiveCfg = Debug|Any CPU
		{1EF17FB7-7DCD-4578-B8F3-325F3308AD78}.Debug|x86.Build.0 = Debug|Any CPU
		{1EF17FB7-7DCD-4578-B8F3-325F3308AD78}.Release|Any CPU.ActiveCfg = Release|Any CPU
		{1EF17FB7-7DCD-4578-B8F3-325F3308AD78}.Release|Any CPU.Build.0 = Release|Any CPU
		{1EF17FB7-7DCD-4578-B8F3-325F3308AD78}.Release|x64.ActiveCfg = Release|Any CPU
		{1EF17FB7-7DCD-4578-B8F3-325F3308AD78}.Release|x64.Build.0 = Release|Any CPU
		{1EF17FB7-7DCD-4578-B8F3-325F3308AD78}.Release|x86.ActiveCfg = Release|Any CPU
		{1EF17FB7-7DCD-4578-B8F3-325F3308AD78}.Release|x86.Build.0 = Release|Any CPU
	EndGlobalSection
	GlobalSection(SolutionProperties) = preSolution
		HideSolutionNode = FALSE
	EndGlobalSection
	GlobalSection(NestedProjects) = preSolution
		{2E7CBE76-71F8-4054-A951-A8DB99232464} = {FA674B5A-3394-926C-2B1E-70E5B00E4A5C}
	EndGlobalSection
EndGlobal
